
Microsoft Visual Studio Solution File, Format Version 12.00
# Visual Studio Version 17
VisualStudioVersion = 17.0.31903.59
MinimumVisualStudioVersion = 10.0.40219.1
Project("{FAE04EC0-301F-11D3-BF4B-00C04F79EFBC}") = "Ontology", "Ontology\Ontology.csproj", "{211CDD2A-1512-4B23-990D-76B219BE0418}"
EndProject
Project("{FAE04EC0-301F-11D3-BF4B-00C04F79EFBC}") = "Ontology.Parsers", "Ontology.Parsers\Ontology.Parsers.csproj", "{D1B75AFA-73FE-4BA7-A91B-7E9A46B2E525}"
EndProject
Project("{FAE04EC0-301F-11D3-BF4B-00C04F79EFBC}") = "Ontology.Simulation", "Ontology.Simulation\Ontology.Simulation.csproj", "{09FE2BD4-658F-4677-9AA7-F1E87C665519}"
EndProject
Project("{2150E333-8FDC-42A3-9474-1A3956D46DE8}") = "Scripts", "Scripts", "{A6DD2EA9-645A-46DE-A1CE-1DD7FF5A7715}"
	ProjectSection(SolutionItems) = preProject
		Scripts\set_params.bat = Scripts\set_params.bat
		Scripts\update_dlls.bat = Scripts\update_dlls.bat
	EndProjectSection
EndProject
Project("{FAE04EC0-301F-11D3-BF4B-00C04F79EFBC}") = "Ontology.Tests", "Ontology.Tests\Ontology.Tests.csproj", "{F1472D8E-4F2E-4F94-AD09-3C95108FFBF7}"
EndProject
Global
	GlobalSection(SolutionConfigurationPlatforms) = preSolution
		Debug|Any CPU = Debug|Any CPU
		Debug|x64 = Debug|x64
		Debug|x86 = Debug|x86
		Release|Any CPU = Release|Any CPU
		Release|x64 = Release|x64
		Release|x86 = Release|x86
	EndGlobalSection
	GlobalSection(ProjectConfigurationPlatforms) = postSolution
		{211CDD2A-1512-4B23-990D-76B219BE0418}.Debug|Any CPU.ActiveCfg = Debug|Any CPU
		{211CDD2A-1512-4B23-990D-76B219BE0418}.Debug|Any CPU.Build.0 = Debug|Any CPU
		{211CDD2A-1512-4B23-990D-76B219BE0418}.Debug|x64.ActiveCfg = Debug|Any CPU
		{211CDD2A-1512-4B23-990D-76B219BE0418}.Debug|x64.Build.0 = Debug|Any CPU
		{211CDD2A-1512-4B23-990D-76B219BE0418}.Debug|x86.ActiveCfg = Debug|Any CPU
		{211CDD2A-1512-4B23-990D-76B219BE0418}.Debug|x86.Build.0 = Debug|Any CPU
		{211CDD2A-1512-4B23-990D-76B219BE0418}.Release|Any CPU.ActiveCfg = Release|Any CPU
		{211CDD2A-1512-4B23-990D-76B219BE0418}.Release|Any CPU.Build.0 = Release|Any CPU
		{211CDD2A-1512-4B23-990D-76B219BE0418}.Release|x64.ActiveCfg = Release|Any CPU
		{211CDD2A-1512-4B23-990D-76B219BE0418}.Release|x64.Build.0 = Release|Any CPU
		{211CDD2A-1512-4B23-990D-76B219BE0418}.Release|x86.ActiveCfg = Release|Any CPU
		{211CDD2A-1512-4B23-990D-76B219BE0418}.Release|x86.Build.0 = Release|Any CPU
		{D1B75AFA-73FE-4BA7-A91B-7E9A46B2E525}.Debug|Any CPU.ActiveCfg = Debug|Any CPU
		{D1B75AFA-73FE-4BA7-A91B-7E9A46B2E525}.Debug|Any CPU.Build.0 = Debug|Any CPU
		{D1B75AFA-73FE-4BA7-A91B-7E9A46B2E525}.Debug|x64.ActiveCfg = Debug|Any CPU
		{D1B75AFA-73FE-4BA7-A91B-7E9A46B2E525}.Debug|x64.Build.0 = Debug|Any CPU
		{D1B75AFA-73FE-4BA7-A91B-7E9A46B2E525}.Debug|x86.ActiveCfg = Debug|Any CPU
		{D1B75AFA-73FE-4BA7-A91B-7E9A46B2E525}.Debug|x86.Build.0 = Debug|Any CPU
		{D1B75AFA-73FE-4BA7-A91B-7E9A46B2E525}.Release|Any CPU.ActiveCfg = Release|Any CPU
		{D1B75AFA-73FE-4BA7-A91B-7E9A46B2E525}.Release|Any CPU.Build.0 = Release|Any CPU
		{D1B75AFA-73FE-4BA7-A91B-7E9A46B2E525}.Release|x64.ActiveCfg = Release|Any CPU
		{D1B75AFA-73FE-4BA7-A91B-7E9A46B2E525}.Release|x64.Build.0 = Release|Any CPU
		{D1B75AFA-73FE-4BA7-A91B-7E9A46B2E525}.Release|x86.ActiveCfg = Release|Any CPU
		{D1B75AFA-73FE-4BA7-A91B-7E9A46B2E525}.Release|x86.Build.0 = Release|Any CPU
		{09FE2BD4-658F-4677-9AA7-F1E87C665519}.Debug|Any CPU.ActiveCfg = Debug|Any CPU
		{09FE2BD4-658F-4677-9AA7-F1E87C665519}.Debug|Any CPU.Build.0 = Debug|Any CPU
		{09FE2BD4-658F-4677-9AA7-F1E87C665519}.Debug|x64.ActiveCfg = Debug|Any CPU
		{09FE2BD4-658F-4677-9AA7-F1E87C665519}.Debug|x64.Build.0 = Debug|Any CPU
		{09FE2BD4-658F-4677-9AA7-F1E87C665519}.Debug|x86.ActiveCfg = Debug|Any CPU
		{09FE2BD4-658F-4677-9AA7-F1E87C665519}.Debug|x86.Build.0 = Debug|Any CPU
		{09FE2BD4-658F-4677-9AA7-F1E87C665519}.Release|Any CPU.ActiveCfg = Release|Any CPU
		{09FE2BD4-658F-4677-9AA7-F1E87C665519}.Release|Any CPU.Build.0 = Release|Any CPU
		{09FE2BD4-658F-4677-9AA7-F1E87C665519}.Release|x64.ActiveCfg = Release|Any CPU
		{09FE2BD4-658F-4677-9AA7-F1E87C665519}.Release|x64.Build.0 = Release|Any CPU
		{09FE2BD4-658F-4677-9AA7-F1E87C665519}.Release|x86.ActiveCfg = Release|Any CPU
		{09FE2BD4-658F-4677-9AA7-F1E87C665519}.Release|x86.Build.0 = Release|Any CPU
		{F1472D8E-4F2E-4F94-AD09-3C95108FFBF7}.Debug|Any CPU.ActiveCfg = Debug|Any CPU
		{F1472D8E-4F2E-4F94-AD09-3C95108FFBF7}.Debug|Any CPU.Build.0 = Debug|Any CPU
		{F1472D8E-4F2E-4F94-AD09-3C95108FFBF7}.Debug|x64.ActiveCfg = Debug|Any CPU
		{F1472D8E-4F2E-4F94-AD09-3C95108FFBF7}.Debug|x64.Build.0 = Debug|Any CPU
		{F1472D8E-4F2E-4F94-AD09-3C95108FFBF7}.Debug|x86.ActiveCfg = Debug|Any CPU
		{F1472D8E-4F2E-4F94-AD09-3C95108FFBF7}.Debug|x86.Build.0 = Debug|Any CPU
		{F1472D8E-4F2E-4F94-AD09-3C95108FFBF7}.Release|Any CPU.ActiveCfg = Release|Any CPU
		{F1472D8E-4F2E-4F94-AD09-3C95108FFBF7}.Release|Any CPU.Build.0 = Release|Any CPU
		{F1472D8E-4F2E-4F94-AD09-3C95108FFBF7}.Release|x64.ActiveCfg = Release|Any CPU
		{F1472D8E-4F2E-4F94-AD09-3C95108FFBF7}.Release|x64.Build.0 = Release|Any CPU
		{F1472D8E-4F2E-4F94-AD09-3C95108FFBF7}.Release|x86.ActiveCfg = Release|Any CPU
		{F1472D8E-4F2E-4F94-AD09-3C95108FFBF7}.Release|x86.Build.0 = Release|Any CPU
	EndGlobalSection
	GlobalSection(SolutionProperties) = preSolution
		HideSolutionNode = FALSE
	EndGlobalSection
EndGlobal
